{
  "object": {
    "pins": [
      {
        "package": "ImglyKit",
        "repositoryURL": "https://github.com/sascha/imglykit-spm-test.git",
        "state": {
          "branch": "main",
          "revision": "ed338714efe8bc80a346c71c129ba825dd33e4cc",
          "version": null
        }
      }
    ]
  },
  "version": 1
}
